{
  "name": "otel-common",
  "version": "1.0.0",
  "lockfileVersion": 2,
  "requires": true,
  "packages": {
    "": {
      "name": "otel-common",
      "version": "1.0.0",
      "license": "ISC",
      "dependencies": {
        "@opentelemetry/exporter-prometheus": "^0.31.0",
        "@opentelemetry/exporter-trace-otlp-http": "^0.31.0",
        "@opentelemetry/sdk-metrics-base": "^0.31.0",
        "@opentelemetry/sdk-trace-base": "^1.5.0",
        "@opentelemetry/sdk-trace-node": "^1.5.0"
      }
    },
    "node_modules/@opentelemetry/api": {
      "version": "1.1.0",
      "resolved": "https://registry.npmjs.org/@opentelemetry/api/-/api-1.1.0.tgz",
      "integrity": "sha512-hf+3bwuBwtXsugA2ULBc95qxrOqP2pOekLz34BJhcAKawt94vfeNyUKpYc0lZQ/3sCP6LqRa7UAdHA7i5UODzQ==",
      "engines": {
        "node": ">=8.0.0"
      }
    },
    "node_modules/@opentelemetry/api-metrics": {
      "version": "0.31.0",
      "resolved": "https://registry.npmjs.org/@opentelemetry/api-metrics/-/api-metrics-0.31.0.tgz",
      "integrity": "sha512-PcL1x0kZtMie7NsNy67OyMvzLEXqf3xd0TZJKHHPMGTe89oMpNVrD1zJB1kZcwXOxLlHHb6tz21G3vvXPdXyZg==",
      "dependencies": {
        "@opentelemetry/api": "^1.0.0"
      },
      "engines": {
        "node": ">=14"
      }
    },
    "node_modules/@opentelemetry/context-async-hooks": {
      "version": "1.5.0",
      "resolved": "https://registry.npmjs.org/@opentelemetry/context-async-hooks/-/context-async-hooks-1.5.0.tgz",
      "integrity": "sha512-mhBPP0BU0RaH2HB8U4MDd5OjWA1y7SoLOovCT0iEpJAltaq2z04uxRJVzIs91vkpNnV0utUZowQQD3KElgU+VA==",
      "engines": {
        "node": ">=14"
      },
      "peerDependencies": {
        "@opentelemetry/api": ">=1.0.0 <1.2.0"
      }
    },
    "node_modules/@opentelemetry/core": {
      "version": "1.5.0",
      "resolved": "https://registry.npmjs.org/@opentelemetry/core/-/core-1.5.0.tgz",
      "integrity": "sha512-B3DIMkQN0DANrr7XrMLS4pR6d2o/jqT09x4nZJz6wSJ9SHr4eQIqeFBNeEUQG1I+AuOcH2UbJtgFm7fKxLqd+w==",
      "dependencies": {
        "@opentelemetry/semantic-conventions": "1.5.0"
      },
      "engines": {
        "node": ">=14"
      },
      "peerDependencies": {
        "@opentelemetry/api": ">=1.0.0 <1.2.0"
      }
    },
    "node_modules/@opentelemetry/exporter-prometheus": {
      "version": "0.31.0",
      "resolved": "https://registry.npmjs.org/@opentelemetry/exporter-prometheus/-/exporter-prometheus-0.31.0.tgz",
      "integrity": "sha512-EfWFzoCu/THw0kZiaA2RUrk6XIQbfaJHJ26LRrVIK7INwosW8Q+x4pGfiJ5nxhglYiG9OTqGrQ6nQ4T9q1UMpg==",
      "dependencies": {
        "@opentelemetry/api-metrics": "0.31.0",
        "@opentelemetry/core": "1.5.0",
        "@opentelemetry/sdk-metrics-base": "0.31.0"
      },
      "engines": {
        "node": ">=14"
      },
      "peerDependencies": {
        "@opentelemetry/api": "^1.0.0"
      }
    },
    "node_modules/@opentelemetry/exporter-trace-otlp-http": {
      "version": "0.31.0",
      "resolved": "https://registry.npmjs.org/@opentelemetry/exporter-trace-otlp-http/-/exporter-trace-otlp-http-0.31.0.tgz",
      "integrity": "sha512-6psvZcaWDsf2YJEERQ90xbKPYlKY54wVR/YHagMLkTMTXrBjXhYVWaxmkBNYjDG2oxpYTXWw04e3Y/o8By35Fw==",
      "dependencies": {
        "@opentelemetry/core": "1.5.0",
        "@opentelemetry/otlp-exporter-base": "0.31.0",
        "@opentelemetry/otlp-transformer": "0.31.0",
        "@opentelemetry/resources": "1.5.0",
        "@opentelemetry/sdk-trace-base": "1.5.0"
      },
      "engines": {
        "node": ">=14"
      },
      "peerDependencies": {
        "@opentelemetry/api": "^1.0.0"
      }
    },
    "node_modules/@opentelemetry/otlp-exporter-base": {
      "version": "0.31.0",
      "resolved": "https://registry.npmjs.org/@opentelemetry/otlp-exporter-base/-/otlp-exporter-base-0.31.0.tgz",
      "integrity": "sha512-MI+LtGo/ZYL/g7ldWTAY9vMjMqlcWMj2undgcnq8Y5BoDLI8oBwGn//Lizjk4NikF+SkcolKB3+U05nCeT5djg==",
      "dependencies": {
        "@opentelemetry/core": "1.5.0"
      },
      "engines": {
        "node": ">=14"
      },
      "peerDependencies": {
        "@opentelemetry/api": "^1.0.0"
      }
    },
    "node_modules/@opentelemetry/otlp-transformer": {
      "version": "0.31.0",
      "resolved": "https://registry.npmjs.org/@opentelemetry/otlp-transformer/-/otlp-transformer-0.31.0.tgz",
      "integrity": "sha512-xCEsB0gTs7s/FMEv8+DWE6awfHJ5oHkFKSGePr6tT5Mh95rd1845WTefvLc++mYpewY8KnQ7tyo/zEfwywCIhw==",
      "dependencies": {
        "@opentelemetry/api-metrics": "0.31.0",
        "@opentelemetry/core": "1.5.0",
        "@opentelemetry/resources": "1.5.0",
        "@opentelemetry/sdk-metrics-base": "0.31.0",
        "@opentelemetry/sdk-trace-base": "1.5.0"
      },
      "engines": {
        "node": ">=14"
      },
      "peerDependencies": {
        "@opentelemetry/api": ">=1.0.0 <1.2.0"
      }
    },
    "node_modules/@opentelemetry/propagator-b3": {
      "version": "1.5.0",
      "resolved": "https://registry.npmjs.org/@opentelemetry/propagator-b3/-/propagator-b3-1.5.0.tgz",
      "integrity": "sha512-38iGIScgU9OLhoPKAV3p2rEf4RmmQC/Lo4LvpQ6TaSQrRht/oDgnpsPJnmNQLFboklmukKataJO+FhAieOc7mg==",
      "dependencies": {
        "@opentelemetry/core": "1.5.0"
      },
      "engines": {
        "node": ">=14"
      },
      "peerDependencies": {
        "@opentelemetry/api": ">=1.0.0 <1.2.0"
      }
    },
    "node_modules/@opentelemetry/propagator-jaeger": {
      "version": "1.5.0",
      "resolved": "https://registry.npmjs.org/@opentelemetry/propagator-jaeger/-/propagator-jaeger-1.5.0.tgz",
      "integrity": "sha512-aSUH5RDEZj+lmy4PbXAJ26E+yJcZloyPUBWgqYX+JBS4NnbriIznCF/tXV5s/RUXeVABibi/+yAZndv+2XBg4w==",
      "dependencies": {
        "@opentelemetry/core": "1.5.0"
      },
      "engines": {
        "node": ">=14"
      },
      "peerDependencies": {
        "@opentelemetry/api": ">=1.0.0 <1.2.0"
      }
    },
    "node_modules/@opentelemetry/resources": {
      "version": "1.5.0",
      "resolved": "https://registry.npmjs.org/@opentelemetry/resources/-/resources-1.5.0.tgz",
      "integrity": "sha512-YeEfC6IY54U3xL3P2+UAiom+r50ZF2jM0J47RV5uTFGF19Xjd5zazSwDPgmxtAd6DwLX0/5S5iqrsH4nEXMYoA==",
      "dependencies": {
        "@opentelemetry/core": "1.5.0",
        "@opentelemetry/semantic-conventions": "1.5.0"
      },
      "engines": {
        "node": ">=14"
      },
      "peerDependencies": {
        "@opentelemetry/api": ">=1.0.0 <1.2.0"
      }
    },
    "node_modules/@opentelemetry/sdk-metrics-base": {
      "version": "0.31.0",
      "resolved": "https://registry.npmjs.org/@opentelemetry/sdk-metrics-base/-/sdk-metrics-base-0.31.0.tgz",
      "integrity": "sha512-4R2Bjl3wlqIGcq4bCoI9/pD49ld+tEoM9n85UfFzr/aUe+2huY2jTPq/BP9SVB8d2Zfg7mGTIFeapcEvAdKK7g==",
      "dependencies": {
        "@opentelemetry/api-metrics": "0.31.0",
        "@opentelemetry/core": "1.5.0",
        "@opentelemetry/resources": "1.5.0",
        "lodash.merge": "4.6.2"
      },
      "engines": {
        "node": ">=14"
      },
      "peerDependencies": {
        "@opentelemetry/api": "^1.0.0"
      }
    },
    "node_modules/@opentelemetry/sdk-trace-base": {
      "version": "1.5.0",
      "resolved": "https://registry.npmjs.org/@opentelemetry/sdk-trace-base/-/sdk-trace-base-1.5.0.tgz",
      "integrity": "sha512-6lx7YDf67HSQYuWnvq3XgSrWikDJLiGCbrpUP6UWJ5Z47HLcJvwZPRH+cQGJu1DFS3dT2cV3GpAR75/OofPNHQ==",
      "dependencies": {
        "@opentelemetry/core": "1.5.0",
        "@opentelemetry/resources": "1.5.0",
        "@opentelemetry/semantic-conventions": "1.5.0"
      },
      "engines": {
        "node": ">=14"
      },
      "peerDependencies": {
        "@opentelemetry/api": ">=1.0.0 <1.2.0"
      }
    },
    "node_modules/@opentelemetry/sdk-trace-node": {
      "version": "1.5.0",
      "resolved": "https://registry.npmjs.org/@opentelemetry/sdk-trace-node/-/sdk-trace-node-1.5.0.tgz",
      "integrity": "sha512-MzS+urf2KufpwgaHbGcUgccHr6paxI98lHFMgJAkK6w76AmPYavsxSwjiVPrchy/24d2J9svDirSgui3NNZo8g==",
      "dependencies": {
        "@opentelemetry/context-async-hooks": "1.5.0",
        "@opentelemetry/core": "1.5.0",
        "@opentelemetry/propagator-b3": "1.5.0",
        "@opentelemetry/propagator-jaeger": "1.5.0",
        "@opentelemetry/sdk-trace-base": "1.5.0",
        "semver": "^7.3.5"
      },
      "engines": {
        "node": ">=14"
      },
      "peerDependencies": {
        "@opentelemetry/api": ">=1.0.0 <1.2.0"
      }
    },
    "node_modules/@opentelemetry/semantic-conventions": {
      "version": "1.5.0",
      "resolved": "https://registry.npmjs.org/@opentelemetry/semantic-conventions/-/semantic-conventions-1.5.0.tgz",
      "integrity": "sha512-wlYG/U6ddW1ilXslnDLLQYJ8nd97W8JJTTfwkGhubx6dzW6SUkd+N4/MzTjjyZlrHQunxHtkHFvVpUKiROvFDw==",
      "engines": {
        "node": ">=14"
      }
    },
    "node_modules/lodash.merge": {
      "version": "4.6.2",
      "resolved": "https://registry.npmjs.org/lodash.merge/-/lodash.merge-4.6.2.tgz",
      "integrity": "sha512-0KpjqXRVvrYyCsX1swR/XTK0va6VQkQM6MNo7PqW77ByjAhoARA8EfrP1N4+KlKj8YS0ZUCtRT/YUuhyYDujIQ=="
    },
    "node_modules/lru-cache": {
      "version": "6.0.0",
      "resolved": "https://registry.npmjs.org/lru-cache/-/lru-cache-6.0.0.tgz",
      "integrity": "sha512-Jo6dJ04CmSjuznwJSS3pUeWmd/H0ffTlkXXgwZi+eq1UCmqQwCh+eLsYOYCwY991i2Fah4h1BEMCx4qThGbsiA==",
      "dependencies": {
        "yallist": "^4.0.0"
      },
      "engines": {
        "node": ">=10"
      }
    },
    "node_modules/semver": {
      "version": "7.3.7",
      "resolved": "https://registry.npmjs.org/semver/-/semver-7.3.7.tgz",
      "integrity": "sha512-QlYTucUYOews+WeEujDoEGziz4K6c47V/Bd+LjSSYcA94p+DmINdf7ncaUinThfvZyu13lN9OY1XDxt8C0Tw0g==",
      "dependencies": {
        "lru-cache": "^6.0.0"
      },
      "bin": {
        "semver": "bin/semver.js"
      },
      "engines": {
        "node": ">=10"
      }
    },
    "node_modules/yallist": {
      "version": "4.0.0",
      "resolved": "https://registry.npmjs.org/yallist/-/yallist-4.0.0.tgz",
      "integrity": "sha512-3wdGidZyq5PB084XLES5TpOSRA3wjXAlIWMhum2kRcv/41Sn2emQ0dycQW4uZXLejwKvg6EsvbdlVL+FYEct7A=="
    }
  },
  "dependencies": {
    "@opentelemetry/api": {
      "version": "1.1.0",
      "resolved": "https://registry.npmjs.org/@opentelemetry/api/-/api-1.1.0.tgz",
      "integrity": "sha512-hf+3bwuBwtXsugA2ULBc95qxrOqP2pOekLz34BJhcAKawt94vfeNyUKpYc0lZQ/3sCP6LqRa7UAdHA7i5UODzQ=="
    },
    "@opentelemetry/api-metrics": {
      "version": "0.31.0",
      "resolved": "https://registry.npmjs.org/@opentelemetry/api-metrics/-/api-metrics-0.31.0.tgz",
      "integrity": "sha512-PcL1x0kZtMie7NsNy67OyMvzLEXqf3xd0TZJKHHPMGTe89oMpNVrD1zJB1kZcwXOxLlHHb6tz21G3vvXPdXyZg==",
      "requires": {
        "@opentelemetry/api": "^1.0.0"
      }
    },
    "@opentelemetry/context-async-hooks": {
      "version": "1.5.0",
      "resolved": "https://registry.npmjs.org/@opentelemetry/context-async-hooks/-/context-async-hooks-1.5.0.tgz",
      "integrity": "sha512-mhBPP0BU0RaH2HB8U4MDd5OjWA1y7SoLOovCT0iEpJAltaq2z04uxRJVzIs91vkpNnV0utUZowQQD3KElgU+VA==",
      "requires": {}
    },
    "@opentelemetry/core": {
      "version": "1.5.0",
      "resolved": "https://registry.npmjs.org/@opentelemetry/core/-/core-1.5.0.tgz",
      "integrity": "sha512-B3DIMkQN0DANrr7XrMLS4pR6d2o/jqT09x4nZJz6wSJ9SHr4eQIqeFBNeEUQG1I+AuOcH2UbJtgFm7fKxLqd+w==",
      "requires": {
        "@opentelemetry/semantic-conventions": "1.5.0"
      }
    },
    "@opentelemetry/exporter-prometheus": {
      "version": "0.31.0",
      "resolved": "https://registry.npmjs.org/@opentelemetry/exporter-prometheus/-/exporter-prometheus-0.31.0.tgz",
      "integrity": "sha512-EfWFzoCu/THw0kZiaA2RUrk6XIQbfaJHJ26LRrVIK7INwosW8Q+x4pGfiJ5nxhglYiG9OTqGrQ6nQ4T9q1UMpg==",
      "requires": {
        "@opentelemetry/api-metrics": "0.31.0",
        "@opentelemetry/core": "1.5.0",
        "@opentelemetry/sdk-metrics-base": "0.31.0"
      }
    },
    "@opentelemetry/exporter-trace-otlp-http": {
      "version": "0.31.0",
      "resolved": "https://registry.npmjs.org/@opentelemetry/exporter-trace-otlp-http/-/exporter-trace-otlp-http-0.31.0.tgz",
      "integrity": "sha512-6psvZcaWDsf2YJEERQ90xbKPYlKY54wVR/YHagMLkTMTXrBjXhYVWaxmkBNYjDG2oxpYTXWw04e3Y/o8By35Fw==",
      "requires": {
        "@opentelemetry/core": "1.5.0",
        "@opentelemetry/otlp-exporter-base": "0.31.0",
        "@opentelemetry/otlp-transformer": "0.31.0",
        "@opentelemetry/resources": "1.5.0",
        "@opentelemetry/sdk-trace-base": "1.5.0"
      }
    },
    "@opentelemetry/otlp-exporter-base": {
      "version": "0.31.0",
      "resolved": "https://registry.npmjs.org/@opentelemetry/otlp-exporter-base/-/otlp-exporter-base-0.31.0.tgz",
      "integrity": "sha512-MI+LtGo/ZYL/g7ldWTAY9vMjMqlcWMj2undgcnq8Y5BoDLI8oBwGn//Lizjk4NikF+SkcolKB3+U05nCeT5djg==",
      "requires": {
        "@opentelemetry/core": "1.5.0"
      }
    },
    "@opentelemetry/otlp-transformer": {
      "version": "0.31.0",
      "resolved": "https://registry.npmjs.org/@opentelemetry/otlp-transformer/-/otlp-transformer-0.31.0.tgz",
      "integrity": "sha512-xCEsB0gTs7s/FMEv8+DWE6awfHJ5oHkFKSGePr6tT5Mh95rd1845WTefvLc++mYpewY8KnQ7tyo/zEfwywCIhw==",
      "requires": {
        "@opentelemetry/api-metrics": "0.31.0",
        "@opentelemetry/core": "1.5.0",
        "@opentelemetry/resources": "1.5.0",
        "@opentelemetry/sdk-metrics-base": "0.31.0",
        "@opentelemetry/sdk-trace-base": "1.5.0"
      }
    },
    "@opentelemetry/propagator-b3": {
      "version": "1.5.0",
      "resolved": "https://registry.npmjs.org/@opentelemetry/propagator-b3/-/propagator-b3-1.5.0.tgz",
      "integrity": "sha512-38iGIScgU9OLhoPKAV3p2rEf4RmmQC/Lo4LvpQ6TaSQrRht/oDgnpsPJnmNQLFboklmukKataJO+FhAieOc7mg==",
      "requires": {
        "@opentelemetry/core": "1.5.0"
      }
    },
    "@opentelemetry/propagator-jaeger": {
      "version": "1.5.0",
      "resolved": "https://registry.npmjs.org/@opentelemetry/propagator-jaeger/-/propagator-jaeger-1.5.0.tgz",
      "integrity": "sha512-aSUH5RDEZj+lmy4PbXAJ26E+yJcZloyPUBWgqYX+JBS4NnbriIznCF/tXV5s/RUXeVABibi/+yAZndv+2XBg4w==",
      "requires": {
        "@opentelemetry/core": "1.5.0"
      }
    },
    "@opentelemetry/resources": {
      "version": "1.5.0",
      "resolved": "https://registry.npmjs.org/@opentelemetry/resources/-/resources-1.5.0.tgz",
      "integrity": "sha512-YeEfC6IY54U3xL3P2+UAiom+r50ZF2jM0J47RV5uTFGF19Xjd5zazSwDPgmxtAd6DwLX0/5S5iqrsH4nEXMYoA==",
      "requires": {
        "@opentelemetry/core": "1.5.0",
        "@opentelemetry/semantic-conventions": "1.5.0"
      }
    },
    "@opentelemetry/sdk-metrics-base": {
      "version": "0.31.0",
      "resolved": "https://registry.npmjs.org/@opentelemetry/sdk-metrics-base/-/sdk-metrics-base-0.31.0.tgz",
      "integrity": "sha512-4R2Bjl3wlqIGcq4bCoI9/pD49ld+tEoM9n85UfFzr/aUe+2huY2jTPq/BP9SVB8d2Zfg7mGTIFeapcEvAdKK7g==",
      "requires": {
        "@opentelemetry/api-metrics": "0.31.0",
        "@opentelemetry/core": "1.5.0",
        "@opentelemetry/resources": "1.5.0",
        "lodash.merge": "4.6.2"
      }
    },
    "@opentelemetry/sdk-trace-base": {
      "version": "1.5.0",
      "resolved": "https://registry.npmjs.org/@opentelemetry/sdk-trace-base/-/sdk-trace-base-1.5.0.tgz",
      "integrity": "sha512-6lx7YDf67HSQYuWnvq3XgSrWikDJLiGCbrpUP6UWJ5Z47HLcJvwZPRH+cQGJu1DFS3dT2cV3GpAR75/OofPNHQ==",
      "requires": {
        "@opentelemetry/core": "1.5.0",
        "@opentelemetry/resources": "1.5.0",
        "@opentelemetry/semantic-conventions": "1.5.0"
      }
    },
    "@opentelemetry/sdk-trace-node": {
      "version": "1.5.0",
      "resolved": "https://registry.npmjs.org/@opentelemetry/sdk-trace-node/-/sdk-trace-node-1.5.0.tgz",
      "integrity": "sha512-MzS+urf2KufpwgaHbGcUgccHr6paxI98lHFMgJAkK6w76AmPYavsxSwjiVPrchy/24d2J9svDirSgui3NNZo8g==",
      "requires": {
        "@opentelemetry/context-async-hooks": "1.5.0",
        "@opentelemetry/core": "1.5.0",
        "@opentelemetry/propagator-b3": "1.5.0",
        "@opentelemetry/propagator-jaeger": "1.5.0",
        "@opentelemetry/sdk-trace-base": "1.5.0",
        "semver": "^7.3.5"
      }
    },
    "@opentelemetry/semantic-conventions": {
      "version": "1.5.0",
      "resolved": "https://registry.npmjs.org/@opentelemetry/semantic-conventions/-/semantic-conventions-1.5.0.tgz",
      "integrity": "sha512-wlYG/U6ddW1ilXslnDLLQYJ8nd97W8JJTTfwkGhubx6dzW6SUkd+N4/MzTjjyZlrHQunxHtkHFvVpUKiROvFDw=="
    },
    "lodash.merge": {
      "version": "4.6.2",
      "resolved": "https://registry.npmjs.org/lodash.merge/-/lodash.merge-4.6.2.tgz",
      "integrity": "sha512-0KpjqXRVvrYyCsX1swR/XTK0va6VQkQM6MNo7PqW77ByjAhoARA8EfrP1N4+KlKj8YS0ZUCtRT/YUuhyYDujIQ=="
    },
    "lru-cache": {
      "version": "6.0.0",
      "resolved": "https://registry.npmjs.org/lru-cache/-/lru-cache-6.0.0.tgz",
      "integrity": "sha512-Jo6dJ04CmSjuznwJSS3pUeWmd/H0ffTlkXXgwZi+eq1UCmqQwCh+eLsYOYCwY991i2Fah4h1BEMCx4qThGbsiA==",
      "requires": {
        "yallist": "^4.0.0"
      }
    },
    "semver": {
      "version": "7.3.7",
      "resolved": "https://registry.npmjs.org/semver/-/semver-7.3.7.tgz",
      "integrity": "sha512-QlYTucUYOews+WeEujDoEGziz4K6c47V/Bd+LjSSYcA94p+DmINdf7ncaUinThfvZyu13lN9OY1XDxt8C0Tw0g==",
      "requires": {
        "lru-cache": "^6.0.0"
      }
    },
    "yallist": {
      "version": "4.0.0",
      "resolved": "https://registry.npmjs.org/yallist/-/yallist-4.0.0.tgz",
      "integrity": "sha512-3wdGidZyq5PB084XLES5TpOSRA3wjXAlIWMhum2kRcv/41Sn2emQ0dycQW4uZXLejwKvg6EsvbdlVL+FYEct7A=="
    }
  }
}
